
Microsoft Visual Studio Solution File, Format Version 12.00
# Visual Studio Version 17
VisualStudioVersion = 17.5.33530.505
MinimumVisualStudioVersion = 10.0.40219.1
Project("{FAE04EC0-301F-11D3-BF4B-00C04F79EFBC}") = "demo1", "demo1\demo1.csproj", "{4C554B39-1FCB-476C-B79B-B28D880D040A}"
EndProject
Global
	GlobalSection(SolutionConfigurationPlatforms) = preSolution
		Debug|Any CPU = Debug|Any CPU
		Release|Any CPU = Release|Any CPU
	EndGlobalSection
	GlobalSection(ProjectConfigurationPlatforms) = postSolution
		{4C554B39-1FCB-476C-B79B-B28D880D040A}.Debug|Any CPU.ActiveCfg = Debug|Any CPU
		{4C554B39-1FCB-476C-B79B-B28D880D040A}.Debug|Any CPU.Build.0 = Debug|Any CPU
		{4C554B39-1FCB-476C-B79B-B28D880D040A}.Release|Any CPU.ActiveCfg = Release|Any CPU
		{4C554B39-1FCB-476C-B79B-B28D880D040A}.Release|Any CPU.Build.0 = Release|Any CPU
	EndGlobalSection
	GlobalSection(SolutionProperties) = preSolution
		HideSolutionNode = FALSE
	EndGlobalSection
	GlobalSection(ExtensibilityGlobals) = postSolution
		SolutionGuid = {18472587-FB9A-4861-863E-D04BB386C7D1}
	EndGlobalSection
EndGlobal
